
Microsoft Visual Studio Solution File, Format Version 12.00
# Visual Studio Version 17
VisualStudioVersion = 17.7.34202.233
MinimumVisualStudioVersion = 10.0.40219.1
Project("{FAE04EC0-301F-11D3-BF4B-00C04F79EFBC}") = "PhoneMouse", "PhoneMouse\PhoneMouse.csproj", "{1855D31B-A9D4-4C17-BB48-1C3262E37D8E}"
EndProject
Global
	GlobalSection(SolutionConfigurationPlatforms) = preSolution
		Debug|Any CPU = Debug|Any CPU
		Release|Any CPU = Release|Any CPU
	EndGlobalSection
	GlobalSection(ProjectConfigurationPlatforms) = postSolution
		{1855D31B-A9D4-4C17-BB48-1C3262E37D8E}.Debug|Any CPU.ActiveCfg = Debug|Any CPU
		{1855D31B-A9D4-4C17-BB48-1C3262E37D8E}.Debug|Any CPU.Build.0 = Debug|Any CPU
		{1855D31B-A9D4-4C17-BB48-1C3262E37D8E}.Release|Any CPU.ActiveCfg = Release|Any CPU
		{1855D31B-A9D4-4C17-BB48-1C3262E37D8E}.Release|Any CPU.Build.0 = Release|Any CPU
	EndGlobalSection
	GlobalSection(SolutionProperties) = preSolution
		HideSolutionNode = FALSE
	EndGlobalSection
	GlobalSection(ExtensibilityGlobals) = postSolution
		SolutionGuid = {23C7B6E9-DD3D-4FFF-A364-7E388AB82ECD}
	EndGlobalSection
EndGlobal
